
Microsoft Visual Studio Solution File, Format Version 12.00
# Visual Studio 15
VisualStudioVersion = 15.0.26124.0
MinimumVisualStudioVersion = 15.0.26124.0
Project("{2150E333-8FDC-42A3-9474-1A3956D46DE8}") = "5.CrossCuttingLayer", "5.CrossCuttingLayer", "{7C285556-7D3A-493E-8676-F8F6A966DABA}"
EndProject
Project("{2150E333-8FDC-42A3-9474-1A3956D46DE8}") = "Utility", "Utility", "{32CDFC2A-318E-4A5F-804D-70D5CFE56AC5}"
EndProject
Project("{FAE04EC0-301F-11D3-BF4B-00C04F79EFBC}") = "StrUtil", "5.CrossCuttingLayer\Utility\StrUtil\StrUtil.csproj", "{1058E6C3-1309-46E4-9532-5C263F4BAB46}"
EndProject
Project("{2150E333-8FDC-42A3-9474-1A3956D46DE8}") = "1.PresentationLayer", "1.PresentationLayer", "{C042B4EF-4F81-4CD6-A8FD-FA57E370099F}"
EndProject
Project("{2150E333-8FDC-42A3-9474-1A3956D46DE8}") = "UI", "UI", "{53A9B3CE-7727-4179-96A4-2D152FD6F9CE}"
EndProject
Project("{FAE04EC0-301F-11D3-BF4B-00C04F79EFBC}") = "Website", "1.PresentationLayer\UI\Website\Website.csproj", "{9EA14E4A-D07F-4290-9055-D117453CE8F5}"
EndProject
Global
	GlobalSection(SolutionConfigurationPlatforms) = preSolution
		Debug|Any CPU = Debug|Any CPU
		Debug|x64 = Debug|x64
		Debug|x86 = Debug|x86
		Release|Any CPU = Release|Any CPU
		Release|x64 = Release|x64
		Release|x86 = Release|x86
	EndGlobalSection
	GlobalSection(SolutionProperties) = preSolution
		HideSolutionNode = FALSE
	EndGlobalSection
	GlobalSection(ProjectConfigurationPlatforms) = postSolution
		{1058E6C3-1309-46E4-9532-5C263F4BAB46}.Debug|Any CPU.ActiveCfg = Debug|Any CPU
		{1058E6C3-1309-46E4-9532-5C263F4BAB46}.Debug|Any CPU.Build.0 = Debug|Any CPU
		{1058E6C3-1309-46E4-9532-5C263F4BAB46}.Debug|x64.ActiveCfg = Debug|Any CPU
		{1058E6C3-1309-46E4-9532-5C263F4BAB46}.Debug|x64.Build.0 = Debug|Any CPU
		{1058E6C3-1309-46E4-9532-5C263F4BAB46}.Debug|x86.ActiveCfg = Debug|Any CPU
		{1058E6C3-1309-46E4-9532-5C263F4BAB46}.Debug|x86.Build.0 = Debug|Any CPU
		{1058E6C3-1309-46E4-9532-5C263F4BAB46}.Release|Any CPU.ActiveCfg = Release|Any CPU
		{1058E6C3-1309-46E4-9532-5C263F4BAB46}.Release|Any CPU.Build.0 = Release|Any CPU
		{1058E6C3-1309-46E4-9532-5C263F4BAB46}.Release|x64.ActiveCfg = Release|Any CPU
		{1058E6C3-1309-46E4-9532-5C263F4BAB46}.Release|x64.Build.0 = Release|Any CPU
		{1058E6C3-1309-46E4-9532-5C263F4BAB46}.Release|x86.ActiveCfg = Release|Any CPU
		{1058E6C3-1309-46E4-9532-5C263F4BAB46}.Release|x86.Build.0 = Release|Any CPU
		{9EA14E4A-D07F-4290-9055-D117453CE8F5}.Debug|Any CPU.ActiveCfg = Debug|Any CPU
		{9EA14E4A-D07F-4290-9055-D117453CE8F5}.Debug|Any CPU.Build.0 = Debug|Any CPU
		{9EA14E4A-D07F-4290-9055-D117453CE8F5}.Debug|x64.ActiveCfg = Debug|Any CPU
		{9EA14E4A-D07F-4290-9055-D117453CE8F5}.Debug|x64.Build.0 = Debug|Any CPU
		{9EA14E4A-D07F-4290-9055-D117453CE8F5}.Debug|x86.ActiveCfg = Debug|Any CPU
		{9EA14E4A-D07F-4290-9055-D117453CE8F5}.Debug|x86.Build.0 = Debug|Any CPU
		{9EA14E4A-D07F-4290-9055-D117453CE8F5}.Release|Any CPU.ActiveCfg = Release|Any CPU
		{9EA14E4A-D07F-4290-9055-D117453CE8F5}.Release|Any CPU.Build.0 = Release|Any CPU
		{9EA14E4A-D07F-4290-9055-D117453CE8F5}.Release|x64.ActiveCfg = Release|Any CPU
		{9EA14E4A-D07F-4290-9055-D117453CE8F5}.Release|x64.Build.0 = Release|Any CPU
		{9EA14E4A-D07F-4290-9055-D117453CE8F5}.Release|x86.ActiveCfg = Release|Any CPU
		{9EA14E4A-D07F-4290-9055-D117453CE8F5}.Release|x86.Build.0 = Release|Any CPU
	EndGlobalSection
	GlobalSection(NestedProjects) = preSolution
		{32CDFC2A-318E-4A5F-804D-70D5CFE56AC5} = {7C285556-7D3A-493E-8676-F8F6A966DABA}
		{1058E6C3-1309-46E4-9532-5C263F4BAB46} = {32CDFC2A-318E-4A5F-804D-70D5CFE56AC5}
		{53A9B3CE-7727-4179-96A4-2D152FD6F9CE} = {C042B4EF-4F81-4CD6-A8FD-FA57E370099F}
		{9EA14E4A-D07F-4290-9055-D117453CE8F5} = {53A9B3CE-7727-4179-96A4-2D152FD6F9CE}
	EndGlobalSection
EndGlobal
