
Microsoft Visual Studio Solution File, Format Version 12.00
# Visual Studio Version 16
VisualStudioVersion = 16.0.29820.132
MinimumVisualStudioVersion = 15.0.26124.0
Project("{2150E333-8FDC-42A3-9474-1A3956D46DE8}") = "1.PresentationLayer", "1.PresentationLayer", "{C042B4EF-4F81-4CD6-A8FD-FA57E370099F}"
EndProject
Project("{2150E333-8FDC-42A3-9474-1A3956D46DE8}") = "UI", "UI", "{53A9B3CE-7727-4179-96A4-2D152FD6F9CE}"
EndProject
Project("{9A19103F-16F7-4668-BE54-9A1E7A4F7556}") = "Website", "1.PresentationLayer\UI\Website\Website.csproj", "{9EA14E4A-D07F-4290-9055-D117453CE8F5}"
EndProject
Project("{2150E333-8FDC-42A3-9474-1A3956D46DE8}") = "5.CrossCuttingLayer", "5.CrossCuttingLayer", "{112B63BF-3117-4A2A-BF69-36D100EA14D3}"
EndProject
Project("{9A19103F-16F7-4668-BE54-9A1E7A4F7556}") = "Utility", "5.CrossCuttingLayer\Utility\Utility.csproj", "{9EB8BE2A-9395-40C6-AF6E-8E0C65825FA4}"
EndProject
Project("{2150E333-8FDC-42A3-9474-1A3956D46DE8}") = "4.ModelsLayer", "4.ModelsLayer", "{54A44048-C9EC-4498-9573-FA75C56CE596}"
EndProject
Project("{9A19103F-16F7-4668-BE54-9A1E7A4F7556}") = "Models", "4.ModelsLayer\Models\Models.csproj", "{8E49716A-A7F3-4ADE-A5A7-26DC5DF97676}"
EndProject
Project("{2150E333-8FDC-42A3-9474-1A3956D46DE8}") = "2.BusinessLogicLayer", "2.BusinessLogicLayer", "{25A0FA79-B4A1-446B-92C8-FF88BC5F18CA}"
EndProject
Project("{FAE04EC0-301F-11D3-BF4B-00C04F79EFBC}") = "BL.Services", "2.BusinessLogicLayer\BL.Services\BL.Services.csproj", "{D0FE3144-316A-4B41-9DF9-16DFA5AB9711}"
EndProject
Project("{FAE04EC0-301F-11D3-BF4B-00C04F79EFBC}") = "BL.Interfaces", "2.BusinessLogicLayer\BL.Interfaces\BL.Interfaces.csproj", "{E38FAA47-6C8D-4289-B919-EB69957C4783}"
EndProject
Global
	GlobalSection(SolutionConfigurationPlatforms) = preSolution
		Debug|Any CPU = Debug|Any CPU
		Debug|x64 = Debug|x64
		Debug|x86 = Debug|x86
		Release|Any CPU = Release|Any CPU
		Release|x64 = Release|x64
		Release|x86 = Release|x86
	EndGlobalSection
	GlobalSection(ProjectConfigurationPlatforms) = postSolution
		{9EA14E4A-D07F-4290-9055-D117453CE8F5}.Debug|Any CPU.ActiveCfg = Debug|Any CPU
		{9EA14E4A-D07F-4290-9055-D117453CE8F5}.Debug|Any CPU.Build.0 = Debug|Any CPU
		{9EA14E4A-D07F-4290-9055-D117453CE8F5}.Debug|x64.ActiveCfg = Debug|Any CPU
		{9EA14E4A-D07F-4290-9055-D117453CE8F5}.Debug|x64.Build.0 = Debug|Any CPU
		{9EA14E4A-D07F-4290-9055-D117453CE8F5}.Debug|x86.ActiveCfg = Debug|Any CPU
		{9EA14E4A-D07F-4290-9055-D117453CE8F5}.Debug|x86.Build.0 = Debug|Any CPU
		{9EA14E4A-D07F-4290-9055-D117453CE8F5}.Release|Any CPU.ActiveCfg = Release|Any CPU
		{9EA14E4A-D07F-4290-9055-D117453CE8F5}.Release|Any CPU.Build.0 = Release|Any CPU
		{9EA14E4A-D07F-4290-9055-D117453CE8F5}.Release|x64.ActiveCfg = Release|Any CPU
		{9EA14E4A-D07F-4290-9055-D117453CE8F5}.Release|x64.Build.0 = Release|Any CPU
		{9EA14E4A-D07F-4290-9055-D117453CE8F5}.Release|x86.ActiveCfg = Release|Any CPU
		{9EA14E4A-D07F-4290-9055-D117453CE8F5}.Release|x86.Build.0 = Release|Any CPU
		{9EB8BE2A-9395-40C6-AF6E-8E0C65825FA4}.Debug|Any CPU.ActiveCfg = Debug|Any CPU
		{9EB8BE2A-9395-40C6-AF6E-8E0C65825FA4}.Debug|Any CPU.Build.0 = Debug|Any CPU
		{9EB8BE2A-9395-40C6-AF6E-8E0C65825FA4}.Debug|x64.ActiveCfg = Debug|Any CPU
		{9EB8BE2A-9395-40C6-AF6E-8E0C65825FA4}.Debug|x64.Build.0 = Debug|Any CPU
		{9EB8BE2A-9395-40C6-AF6E-8E0C65825FA4}.Debug|x86.ActiveCfg = Debug|Any CPU
		{9EB8BE2A-9395-40C6-AF6E-8E0C65825FA4}.Debug|x86.Build.0 = Debug|Any CPU
		{9EB8BE2A-9395-40C6-AF6E-8E0C65825FA4}.Release|Any CPU.ActiveCfg = Release|Any CPU
		{9EB8BE2A-9395-40C6-AF6E-8E0C65825FA4}.Release|Any CPU.Build.0 = Release|Any CPU
		{9EB8BE2A-9395-40C6-AF6E-8E0C65825FA4}.Release|x64.ActiveCfg = Release|Any CPU
		{9EB8BE2A-9395-40C6-AF6E-8E0C65825FA4}.Release|x64.Build.0 = Release|Any CPU
		{9EB8BE2A-9395-40C6-AF6E-8E0C65825FA4}.Release|x86.ActiveCfg = Release|Any CPU
		{9EB8BE2A-9395-40C6-AF6E-8E0C65825FA4}.Release|x86.Build.0 = Release|Any CPU
		{8E49716A-A7F3-4ADE-A5A7-26DC5DF97676}.Debug|Any CPU.ActiveCfg = Debug|Any CPU
		{8E49716A-A7F3-4ADE-A5A7-26DC5DF97676}.Debug|Any CPU.Build.0 = Debug|Any CPU
		{8E49716A-A7F3-4ADE-A5A7-26DC5DF97676}.Debug|x64.ActiveCfg = Debug|Any CPU
		{8E49716A-A7F3-4ADE-A5A7-26DC5DF97676}.Debug|x64.Build.0 = Debug|Any CPU
		{8E49716A-A7F3-4ADE-A5A7-26DC5DF97676}.Debug|x86.ActiveCfg = Debug|Any CPU
		{8E49716A-A7F3-4ADE-A5A7-26DC5DF97676}.Debug|x86.Build.0 = Debug|Any CPU
		{8E49716A-A7F3-4ADE-A5A7-26DC5DF97676}.Release|Any CPU.ActiveCfg = Release|Any CPU
		{8E49716A-A7F3-4ADE-A5A7-26DC5DF97676}.Release|Any CPU.Build.0 = Release|Any CPU
		{8E49716A-A7F3-4ADE-A5A7-26DC5DF97676}.Release|x64.ActiveCfg = Release|Any CPU
		{8E49716A-A7F3-4ADE-A5A7-26DC5DF97676}.Release|x64.Build.0 = Release|Any CPU
		{8E49716A-A7F3-4ADE-A5A7-26DC5DF97676}.Release|x86.ActiveCfg = Release|Any CPU
		{8E49716A-A7F3-4ADE-A5A7-26DC5DF97676}.Release|x86.Build.0 = Release|Any CPU
		{D0FE3144-316A-4B41-9DF9-16DFA5AB9711}.Debug|Any CPU.ActiveCfg = Debug|Any CPU
		{D0FE3144-316A-4B41-9DF9-16DFA5AB9711}.Debug|Any CPU.Build.0 = Debug|Any CPU
		{D0FE3144-316A-4B41-9DF9-16DFA5AB9711}.Debug|x64.ActiveCfg = Debug|Any CPU
		{D0FE3144-316A-4B41-9DF9-16DFA5AB9711}.Debug|x64.Build.0 = Debug|Any CPU
		{D0FE3144-316A-4B41-9DF9-16DFA5AB9711}.Debug|x86.ActiveCfg = Debug|Any CPU
		{D0FE3144-316A-4B41-9DF9-16DFA5AB9711}.Debug|x86.Build.0 = Debug|Any CPU
		{D0FE3144-316A-4B41-9DF9-16DFA5AB9711}.Release|Any CPU.ActiveCfg = Release|Any CPU
		{D0FE3144-316A-4B41-9DF9-16DFA5AB9711}.Release|Any CPU.Build.0 = Release|Any CPU
		{D0FE3144-316A-4B41-9DF9-16DFA5AB9711}.Release|x64.ActiveCfg = Release|Any CPU
		{D0FE3144-316A-4B41-9DF9-16DFA5AB9711}.Release|x64.Build.0 = Release|Any CPU
		{D0FE3144-316A-4B41-9DF9-16DFA5AB9711}.Release|x86.ActiveCfg = Release|Any CPU
		{D0FE3144-316A-4B41-9DF9-16DFA5AB9711}.Release|x86.Build.0 = Release|Any CPU
		{E38FAA47-6C8D-4289-B919-EB69957C4783}.Debug|Any CPU.ActiveCfg = Debug|Any CPU
		{E38FAA47-6C8D-4289-B919-EB69957C4783}.Debug|Any CPU.Build.0 = Debug|Any CPU
		{E38FAA47-6C8D-4289-B919-EB69957C4783}.Debug|x64.ActiveCfg = Debug|Any CPU
		{E38FAA47-6C8D-4289-B919-EB69957C4783}.Debug|x64.Build.0 = Debug|Any CPU
		{E38FAA47-6C8D-4289-B919-EB69957C4783}.Debug|x86.ActiveCfg = Debug|Any CPU
		{E38FAA47-6C8D-4289-B919-EB69957C4783}.Debug|x86.Build.0 = Debug|Any CPU
		{E38FAA47-6C8D-4289-B919-EB69957C4783}.Release|Any CPU.ActiveCfg = Release|Any CPU
		{E38FAA47-6C8D-4289-B919-EB69957C4783}.Release|Any CPU.Build.0 = Release|Any CPU
		{E38FAA47-6C8D-4289-B919-EB69957C4783}.Release|x64.ActiveCfg = Release|Any CPU
		{E38FAA47-6C8D-4289-B919-EB69957C4783}.Release|x64.Build.0 = Release|Any CPU
		{E38FAA47-6C8D-4289-B919-EB69957C4783}.Release|x86.ActiveCfg = Release|Any CPU
		{E38FAA47-6C8D-4289-B919-EB69957C4783}.Release|x86.Build.0 = Release|Any CPU
	EndGlobalSection
	GlobalSection(SolutionProperties) = preSolution
		HideSolutionNode = FALSE
	EndGlobalSection
	GlobalSection(NestedProjects) = preSolution
		{53A9B3CE-7727-4179-96A4-2D152FD6F9CE} = {C042B4EF-4F81-4CD6-A8FD-FA57E370099F}
		{9EA14E4A-D07F-4290-9055-D117453CE8F5} = {53A9B3CE-7727-4179-96A4-2D152FD6F9CE}
		{9EB8BE2A-9395-40C6-AF6E-8E0C65825FA4} = {112B63BF-3117-4A2A-BF69-36D100EA14D3}
		{8E49716A-A7F3-4ADE-A5A7-26DC5DF97676} = {54A44048-C9EC-4498-9573-FA75C56CE596}
		{D0FE3144-316A-4B41-9DF9-16DFA5AB9711} = {25A0FA79-B4A1-446B-92C8-FF88BC5F18CA}
		{E38FAA47-6C8D-4289-B919-EB69957C4783} = {25A0FA79-B4A1-446B-92C8-FF88BC5F18CA}
	EndGlobalSection
	GlobalSection(ExtensibilityGlobals) = postSolution
		SolutionGuid = {CF2BAAB9-A978-4A65-ADB2-CE1A57DFF168}
	EndGlobalSection
EndGlobal
